
Microsoft Visual Studio Solution File, Format Version 12.00
Project("{FAE04EC0-301F-11D3-BF4B-00C04F79EFBC}") = "JobScraper.Client", "JobScraper.Client\JobScraper.Client.csproj", "{40D2C4FF-3837-4439-9FE4-2634ACE77F7C}"
EndProject
Global
	GlobalSection(SolutionConfigurationPlatforms) = preSolution
		Debug|Any CPU = Debug|Any CPU
		Release|Any CPU = Release|Any CPU
	EndGlobalSection
	GlobalSection(ProjectConfigurationPlatforms) = postSolution
		{40D2C4FF-3837-4439-9FE4-2634ACE77F7C}.Debug|Any CPU.ActiveCfg = Debug|Any CPU
		{40D2C4FF-3837-4439-9FE4-2634ACE77F7C}.Debug|Any CPU.Build.0 = Debug|Any CPU
		{40D2C4FF-3837-4439-9FE4-2634ACE77F7C}.Release|Any CPU.ActiveCfg = Release|Any CPU
		{40D2C4FF-3837-4439-9FE4-2634ACE77F7C}.Release|Any CPU.Build.0 = Release|Any CPU
	EndGlobalSection
EndGlobal
